
Microsoft Visual Studio Solution File, Format Version 12.00
# Visual Studio Version 16
VisualStudioVersion = 16.0.30611.23
MinimumVisualStudioVersion = 10.0.40219.1
Project("{9A19103F-16F7-4668-BE54-9A1E7A4F7556}") = "TestMaximumUsingGenerics", "TestMaximumUsingGenerics\TestMaximumUsingGenerics.csproj", "{06E51C26-6E6C-47A4-B395-3A39D9087605}"
EndProject
Project("{FAE04EC0-301F-11D3-BF4B-00C04F79EFBC}") = "UnitTestProject2", "UnitTestProject2\UnitTestProject2.csproj", "{99CE8AE9-61B5-409C-B56B-01B5369E6D46}"
EndProject
Global
	GlobalSection(SolutionConfigurationPlatforms) = preSolution
		Debug|Any CPU = Debug|Any CPU
		Release|Any CPU = Release|Any CPU
	EndGlobalSection
	GlobalSection(ProjectConfigurationPlatforms) = postSolution
		{06E51C26-6E6C-47A4-B395-3A39D9087605}.Debug|Any CPU.ActiveCfg = Debug|Any CPU
		{06E51C26-6E6C-47A4-B395-3A39D9087605}.Debug|Any CPU.Build.0 = Debug|Any CPU
		{06E51C26-6E6C-47A4-B395-3A39D9087605}.Release|Any CPU.ActiveCfg = Release|Any CPU
		{06E51C26-6E6C-47A4-B395-3A39D9087605}.Release|Any CPU.Build.0 = Release|Any CPU
		{99CE8AE9-61B5-409C-B56B-01B5369E6D46}.Debug|Any CPU.ActiveCfg = Debug|Any CPU
		{99CE8AE9-61B5-409C-B56B-01B5369E6D46}.Debug|Any CPU.Build.0 = Debug|Any CPU
		{99CE8AE9-61B5-409C-B56B-01B5369E6D46}.Release|Any CPU.ActiveCfg = Release|Any CPU
		{99CE8AE9-61B5-409C-B56B-01B5369E6D46}.Release|Any CPU.Build.0 = Release|Any CPU
	EndGlobalSection
	GlobalSection(SolutionProperties) = preSolution
		HideSolutionNode = FALSE
	EndGlobalSection
	GlobalSection(ExtensibilityGlobals) = postSolution
		SolutionGuid = {0E5FE4FD-9BD2-45F5-931A-7953E68C03DB}
	EndGlobalSection
EndGlobal
